// !$*UTF8*$!
{
	archiveVersion = 1;
	classes = {
	};
	objectVersion = 46;
	objects = {

/* Begin PBXBuildFile section */
		83A4F5301F61831B00958A32 /* AppDelegate.swift in Sources */ = {isa = PBXBuildFile; fileRef = 83A4F52F1F61831B00958A32 /* AppDelegate.swift */; };
		83A4F5321F61831B00958A32 /* ViewController.swift in Sources */ = {isa = PBXBuildFile; fileRef = 83A4F5311F61831B00958A32 /* ViewController.swift */; };
		83A4F5351F61831B00958A32 /* Main.storyboard in Resources */ = {isa = PBXBuildFile; fileRef = 83A4F5331F61831B00958A32 /* Main.storyboard */; };
		83A4F5371F61831B00958A32 /* Assets.xcassets in Resources */ = {isa = PBXBuildFile; fileRef = 83A4F5361F61831B00958A32 /* Assets.xcassets */; };
		83A4F53A1F61831B00958A32 /* LaunchScreen.storyboard in Resources */ = {isa = PBXBuildFile; fileRef = 83A4F5381F61831B00958A32 /* LaunchScreen.storyboard */; };
		83A4F54A1F61833F00958A32 /* JobQueue.framework in Frameworks */ = {isa = PBXBuildFile; fileRef = 83A4F5471F61832D00958A32 /* JobQueue.framework */; };
		83A4F54B1F61833F00958A32 /* JobQueue.framework in Embed Frameworks */ = {isa = PBXBuildFile; fileRef = 83A4F5471F61832D00958A32 /* JobQueue.framework */; settings = {ATTRIBUTES = (CodeSignOnCopy, RemoveHeadersOnCopy, ); }; };
		83C77ECC1F6924690013E731 /* DummyJob.swift in Sources */ = {isa = PBXBuildFile; fileRef = 83C77ECB1F6924690013E731 /* DummyJob.swift */; };
		83C77ECE1F6924CF0013E731 /* RecommendationJob.swift in Sources */ = {isa = PBXBuildFile; fileRef = 83C77ECD1F6924CF0013E731 /* RecommendationJob.swift */; };
		83C77ED01F69253B0013E731 /* DocumentUploadService.swift in Sources */ = {isa = PBXBuildFile; fileRef = 83C77ECF1F69253B0013E731 /* DocumentUploadService.swift */; };
		83F476C71F889F5300202197 /* JobQueueExampleTests.swift in Sources */ = {isa = PBXBuildFile; fileRef = 83F476C61F889F5300202197 /* JobQueueExampleTests.swift */; };
/* End PBXBuildFile section */

/* Begin PBXContainerItemProxy section */
		83A4F5461F61832D00958A32 /* PBXContainerItemProxy */ = {
			isa = PBXContainerItemProxy;
			containerPortal = 83A4F5411F61832D00958A32 /* JobQueue.xcodeproj */;
			proxyType = 2;
			remoteGlobalIDString = 83416B5D1F46CA9F00A002AE;
			remoteInfo = JobQueue;
		};
		83A4F5481F61832D00958A32 /* PBXContainerItemProxy */ = {
			isa = PBXContainerItemProxy;
			containerPortal = 83A4F5411F61832D00958A32 /* JobQueue.xcodeproj */;
			proxyType = 2;
			remoteGlobalIDString = 83416B661F46CA9F00A002AE;
			remoteInfo = JobQueueTests;
		};
		83A4F54C1F61833F00958A32 /* PBXContainerItemProxy */ = {
			isa = PBXContainerItemProxy;
			containerPortal = 83A4F5411F61832D00958A32 /* JobQueue.xcodeproj */;
			proxyType = 1;
			remoteGlobalIDString = 83416B5C1F46CA9F00A002AE;
			remoteInfo = JobQueue;
		};
		83F476C91F889F5300202197 /* PBXContainerItemProxy */ = {
			isa = PBXContainerItemProxy;
			containerPortal = 83A4F5241F61831B00958A32 /* Project object */;
			proxyType = 1;
			remoteGlobalIDString = 83A4F52B1F61831B00958A32;
			remoteInfo = JobQueueExample;
		};
/* End PBXContainerItemProxy section */

/* Begin PBXCopyFilesBuildPhase section */
		83A4F54E1F61834000958A32 /* Embed Frameworks */ = {
			isa = PBXCopyFilesBuildPhase;
			buildActionMask = 2147483647;
			dstPath = "";
			dstSubfolderSpec = 10;
			files = (
				83A4F54B1F61833F00958A32 /* JobQueue.framework in Embed Frameworks */,
			);
			name = "Embed Frameworks";
			runOnlyForDeploymentPostprocessing = 0;
		};
/* End PBXCopyFilesBuildPhase section */

/* Begin PBXFileReference section */
		83A4F52C1F61831B00958A32 /* JobQueueExample.app */ = {isa = PBXFileReference; explicitFileType = wrapper.application; includeInIndex = 0; path = JobQueueExample.app; sourceTree = BUILT_PRODUCTS_DIR; };
		83A4F52F1F61831B00958A32 /* AppDelegate.swift */ = {isa = PBXFileReference; lastKnownFileType = sourcecode.swift; path = AppDelegate.swift; sourceTree = "<group>"; };
		83A4F5311F61831B00958A32 /* ViewController.swift */ = {isa = PBXFileReference; lastKnownFileType = sourcecode.swift; path = ViewController.swift; sourceTree = "<group>"; };
		83A4F5341F61831B00958A32 /* Base */ = {isa = PBXFileReference; lastKnownFileType = file.storyboard; name = Base; path = Base.lproj/Main.storyboard; sourceTree = "<group>"; };
		83A4F5361F61831B00958A32 /* Assets.xcassets */ = {isa = PBXFileReference; lastKnownFileType = folder.assetcatalog; path = Assets.xcassets; sourceTree = "<group>"; };
		83A4F5391F61831B00958A32 /* Base */ = {isa = PBXFileReference; lastKnownFileType = file.storyboard; name = Base; path = Base.lproj/LaunchScreen.storyboard; sourceTree = "<group>"; };
		83A4F53B1F61831B00958A32 /* Info.plist */ = {isa = PBXFileReference; lastKnownFileType = text.plist.xml; path = Info.plist; sourceTree = "<group>"; };
		83A4F5411F61832D00958A32 /* JobQueue.xcodeproj */ = {isa = PBXFileReference; lastKnownFileType = "wrapper.pb-project"; name = JobQueue.xcodeproj; path = ../JobQueue/JobQueue.xcodeproj; sourceTree = "<group>"; };
		83C77ECB1F6924690013E731 /* DummyJob.swift */ = {isa = PBXFileReference; fileEncoding = 4; lastKnownFileType = sourcecode.swift; path = DummyJob.swift; sourceTree = "<group>"; };
		83C77ECD1F6924CF0013E731 /* RecommendationJob.swift */ = {isa = PBXFileReference; fileEncoding = 4; lastKnownFileType = sourcecode.swift; path = RecommendationJob.swift; sourceTree = "<group>"; };
		83C77ECF1F69253B0013E731 /* DocumentUploadService.swift */ = {isa = PBXFileReference; fileEncoding = 4; lastKnownFileType = sourcecode.swift; path = DocumentUploadService.swift; sourceTree = "<group>"; };
		83F476C41F889F5300202197 /* JobQueueExampleTests.xctest */ = {isa = PBXFileReference; explicitFileType = wrapper.cfbundle; includeInIndex = 0; path = JobQueueExampleTests.xctest; sourceTree = BUILT_PRODUCTS_DIR; };
		83F476C61F889F5300202197 /* JobQueueExampleTests.swift */ = {isa = PBXFileReference; lastKnownFileType = sourcecode.swift; path = JobQueueExampleTests.swift; sourceTree = "<group>"; };
		83F476C81F889F5300202197 /* Info.plist */ = {isa = PBXFileReference; lastKnownFileType = text.plist.xml; path = Info.plist; sourceTree = "<group>"; };
/* End PBXFileReference section */

/* Begin PBXFrameworksBuildPhase section */
		83A4F5291F61831B00958A32 /* Frameworks */ = {
			isa = PBXFrameworksBuildPhase;
			buildActionMask = 2147483647;
			files = (
				83A4F54A1F61833F00958A32 /* JobQueue.framework in Frameworks */,
			);
			runOnlyForDeploymentPostprocessing = 0;
		};
		83F476C11F889F5300202197 /* Frameworks */ = {
			isa = PBXFrameworksBuildPhase;
			buildActionMask = 2147483647;
			files = (
			);
			runOnlyForDeploymentPostprocessing = 0;
		};
/* End PBXFrameworksBuildPhase section */

/* Begin PBXGroup section */
		83A4F5231F61831B00958A32 = {
			isa = PBXGroup;
			children = (
				83A4F5411F61832D00958A32 /* JobQueue.xcodeproj */,
				83A4F52E1F61831B00958A32 /* JobQueueExample */,
				83F476C51F889F5300202197 /* JobQueueExampleTests */,
				83A4F52D1F61831B00958A32 /* Products */,
			);
			sourceTree = "<group>";
		};
		83A4F52D1F61831B00958A32 /* Products */ = {
			isa = PBXGroup;
			children = (
				83A4F52C1F61831B00958A32 /* JobQueueExample.app */,
				83F476C41F889F5300202197 /* JobQueueExampleTests.xctest */,
			);
			name = Products;
			sourceTree = "<group>";
		};
		83A4F52E1F61831B00958A32 /* JobQueueExample */ = {
			isa = PBXGroup;
			children = (
				83A4F52F1F61831B00958A32 /* AppDelegate.swift */,
				83C77EC91F6924000013E731 /* UI */,
				83C77EC81F6923FA0013E731 /* Jobs */,
				83C77ECA1F6924140013E731 /* Resources */,
			);
			path = JobQueueExample;
			sourceTree = "<group>";
		};
		83A4F5421F61832D00958A32 /* Products */ = {
			isa = PBXGroup;
			children = (
				83A4F5471F61832D00958A32 /* JobQueue.framework */,
				83A4F5491F61832D00958A32 /* JobQueueTests.xctest */,
			);
			name = Products;
			sourceTree = "<group>";
		};
		83C77EC81F6923FA0013E731 /* Jobs */ = {
			isa = PBXGroup;
			children = (
				83C77ECB1F6924690013E731 /* DummyJob.swift */,
				83C77ECD1F6924CF0013E731 /* RecommendationJob.swift */,
				83C77ECF1F69253B0013E731 /* DocumentUploadService.swift */,
			);
			name = Jobs;
			sourceTree = "<group>";
		};
		83C77EC91F6924000013E731 /* UI */ = {
			isa = PBXGroup;
			children = (
				83A4F5311F61831B00958A32 /* ViewController.swift */,
				83A4F5331F61831B00958A32 /* Main.storyboard */,
				83A4F5381F61831B00958A32 /* LaunchScreen.storyboard */,
			);
			name = UI;
			sourceTree = "<group>";
		};
		83C77ECA1F6924140013E731 /* Resources */ = {
			isa = PBXGroup;
			children = (
				83A4F53B1F61831B00958A32 /* Info.plist */,
				83A4F5361F61831B00958A32 /* Assets.xcassets */,
			);
			name = Resources;
			sourceTree = "<group>";
		};
		83F476C51F889F5300202197 /* JobQueueExampleTests */ = {
			isa = PBXGroup;
			children = (
				83F476C61F889F5300202197 /* JobQueueExampleTests.swift */,
				83F476C81F889F5300202197 /* Info.plist */,
			);
			path = JobQueueExampleTests;
			sourceTree = "<group>";
		};
/* End PBXGroup section */

/* Begin PBXNativeTarget section */
		83A4F52B1F61831B00958A32 /* JobQueueExample */ = {
			isa = PBXNativeTarget;
			buildConfigurationList = 83A4F53E1F61831B00958A32 /* Build configuration list for PBXNativeTarget "JobQueueExample" */;
			buildPhases = (
				83A4F5281F61831B00958A32 /* Sources */,
				83A4F5291F61831B00958A32 /* Frameworks */,
				83A4F52A1F61831B00958A32 /* Resources */,
				83A4F54E1F61834000958A32 /* Embed Frameworks */,
			);
			buildRules = (
			);
			dependencies = (
				83A4F54D1F61833F00958A32 /* PBXTargetDependency */,
			);
			name = JobQueueExample;
			productName = JobQueueExample;
			productReference = 83A4F52C1F61831B00958A32 /* JobQueueExample.app */;
			productType = "com.apple.product-type.application";
		};
		83F476C31F889F5300202197 /* JobQueueExampleTests */ = {
			isa = PBXNativeTarget;
			buildConfigurationList = 83F476CE1F889F5300202197 /* Build configuration list for PBXNativeTarget "JobQueueExampleTests" */;
			buildPhases = (
				83F476C01F889F5300202197 /* Sources */,
				83F476C11F889F5300202197 /* Frameworks */,
				83F476C21F889F5300202197 /* Resources */,
			);
			buildRules = (
			);
			dependencies = (
				83F476CA1F889F5300202197 /* PBXTargetDependency */,
			);
			name = JobQueueExampleTests;
			productName = JobQueueExampleTests;
			productReference = 83F476C41F889F5300202197 /* JobQueueExampleTests.xctest */;
			productType = "com.apple.product-type.bundle.unit-test";
		};
/* End PBXNativeTarget section */

/* Begin PBXProject section */
		83A4F5241F61831B00958A32 /* Project object */ = {
			isa = PBXProject;
			attributes = {
				LastSwiftUpdateCheck = 0830;
				LastUpgradeCheck = 0830;
				ORGANIZATIONNAME = taiyungo;
				TargetAttributes = {
					83A4F52B1F61831B00958A32 = {
						CreatedOnToolsVersion = 8.3.2;
						DevelopmentTeam = 3GQZ9TL5M3;
						ProvisioningStyle = Automatic;
						SystemCapabilities = {
							com.apple.BackgroundModes = {
								enabled = 1;
							};
						};
					};
					83F476C31F889F5300202197 = {
						CreatedOnToolsVersion = 8.3.3;
						DevelopmentTeam = 3GQZ9TL5M3;
						ProvisioningStyle = Automatic;
						TestTargetID = 83A4F52B1F61831B00958A32;
					};
				};
			};
			buildConfigurationList = 83A4F5271F61831B00958A32 /* Build configuration list for PBXProject "JobQueueExample" */;
			compatibilityVersion = "Xcode 3.2";
			developmentRegion = English;
			hasScannedForEncodings = 0;
			knownRegions = (
				en,
				Base,
			);
			mainGroup = 83A4F5231F61831B00958A32;
			productRefGroup = 83A4F52D1F61831B00958A32 /* Products */;
			projectDirPath = "";
			projectReferences = (
				{
					ProductGroup = 83A4F5421F61832D00958A32 /* Products */;
					ProjectRef = 83A4F5411F61832D00958A32 /* JobQueue.xcodeproj */;
				},
			);
			projectRoot = "";
			targets = (
				83A4F52B1F61831B00958A32 /* JobQueueExample */,
				83F476C31F889F5300202197 /* JobQueueExampleTests */,
			);
		};
/* End PBXProject section */

/* Begin PBXReferenceProxy section */
		83A4F5471F61832D00958A32 /* JobQueue.framework */ = {
			isa = PBXReferenceProxy;
			fileType = wrapper.framework;
			path = JobQueue.framework;
			remoteRef = 83A4F5461F61832D00958A32 /* PBXContainerItemProxy */;
			sourceTree = BUILT_PRODUCTS_DIR;
		};
		83A4F5491F61832D00958A32 /* JobQueueTests.xctest */ = {
			isa = PBXReferenceProxy;
			fileType = wrapper.cfbundle;
			path = JobQueueTests.xctest;
			remoteRef = 83A4F5481F61832D00958A32 /* PBXContainerItemProxy */;
			sourceTree = BUILT_PRODUCTS_DIR;
		};
/* End PBXReferenceProxy section */

/* Begin PBXResourcesBuildPhase section */
		83A4F52A1F61831B00958A32 /* Resources */ = {
			isa = PBXResourcesBuildPhase;
			buildActionMask = 2147483647;
			files = (
				83A4F53A1F61831B00958A32 /* LaunchScreen.storyboard in Resources */,
				83A4F5371F61831B00958A32 /* Assets.xcassets in Resources */,
				83A4F5351F61831B00958A32 /* Main.storyboard in Resources */,
			);
			runOnlyForDeploymentPostprocessing = 0;
		};
		83F476C21F889F5300202197 /* Resources */ = {
			isa = PBXResourcesBuildPhase;
			buildActionMask = 2147483647;
			files = (
			);
			runOnlyForDeploymentPostprocessing = 0;
		};
/* End PBXResourcesBuildPhase section */

/* Begin PBXSourcesBuildPhase section */
		83A4F5281F61831B00958A32 /* Sources */ = {
			isa = PBXSourcesBuildPhase;
			buildActionMask = 2147483647;
			files = (
				83A4F5321F61831B00958A32 /* ViewController.swift in Sources */,
				83C77ED01F69253B0013E731 /* DocumentUploadService.swift in Sources */,
				83A4F5301F61831B00958A32 /* AppDelegate.swift in Sources */,
				83C77ECE1F6924CF0013E731 /* RecommendationJob.swift in Sources */,
				83C77ECC1F6924690013E731 /* DummyJob.swift in Sources */,
			);
			runOnlyForDeploymentPostprocessing = 0;
		};
		83F476C01F889F5300202197 /* Sources */ = {
			isa = PBXSourcesBuildPhase;
			buildActionMask = 2147483647;
			files = (
				83F476C71F889F5300202197 /* JobQueueExampleTests.swift in Sources */,
			);
			runOnlyForDeploymentPostprocessing = 0;
		};
/* End PBXSourcesBuildPhase section */

/* Begin PBXTargetDependency section */
		83A4F54D1F61833F00958A32 /* PBXTargetDependency */ = {
			isa = PBXTargetDependency;
			name = JobQueue;
			targetProxy = 83A4F54C1F61833F00958A32 /* PBXContainerItemProxy */;
		};
		83F476CA1F889F5300202197 /* PBXTargetDependency */ = {
			isa = PBXTargetDependency;
			target = 83A4F52B1F61831B00958A32 /* JobQueueExample */;
			targetProxy = 83F476C91F889F5300202197 /* PBXContainerItemProxy */;
		};
/* End PBXTargetDependency section */

/* Begin PBXVariantGroup section */
		83A4F5331F61831B00958A32 /* Main.storyboard */ = {
			isa = PBXVariantGroup;
			children = (
				83A4F5341F61831B00958A32 /* Base */,
			);
			name = Main.storyboard;
			sourceTree = "<group>";
		};
		83A4F5381F61831B00958A32 /* LaunchScreen.storyboard */ = {
			isa = PBXVariantGroup;
			children = (
				83A4F5391F61831B00958A32 /* Base */,
			);
			name = LaunchScreen.storyboard;
			sourceTree = "<group>";
		};
/* End PBXVariantGroup section */

/* Begin XCBuildConfiguration section */
		83A4F53C1F61831B00958A32 /* Debug */ = {
			isa = XCBuildConfiguration;
			buildSettings = {
				ALWAYS_SEARCH_USER_PATHS = NO;
				CLANG_ANALYZER_NONNULL = YES;
				CLANG_ANALYZER_NUMBER_OBJECT_CONVERSION = YES_AGGRESSIVE;
				CLANG_CXX_LANGUAGE_STANDARD = "gnu++0x";
				CLANG_CXX_LIBRARY = "libc++";
				CLANG_ENABLE_MODULES = YES;
				CLANG_ENABLE_OBJC_ARC = YES;
				CLANG_WARN_BOOL_CONVERSION = YES;
				CLANG_WARN_CONSTANT_CONVERSION = YES;
				CLANG_WARN_DIRECT_OBJC_ISA_USAGE = YES_ERROR;
				CLANG_WARN_DOCUMENTATION_COMMENTS = YES;
				CLANG_WARN_EMPTY_BODY = YES;
				CLANG_WARN_ENUM_CONVERSION = YES;
				CLANG_WARN_INFINITE_RECURSION = YES;
				CLANG_WARN_INT_CONVERSION = YES;
				CLANG_WARN_OBJC_ROOT_CLASS = YES_ERROR;
				CLANG_WARN_SUSPICIOUS_MOVE = YES;
				CLANG_WARN_UNREACHABLE_CODE = YES;
				CLANG_WARN__DUPLICATE_METHOD_MATCH = YES;
				"CODE_SIGN_IDENTITY[sdk=iphoneos*]" = "iPhone Developer";
				COPY_PHASE_STRIP = NO;
				DEBUG_INFORMATION_FORMAT = dwarf;
				ENABLE_STRICT_OBJC_MSGSEND = YES;
				ENABLE_TESTABILITY = YES;
				GCC_C_LANGUAGE_STANDARD = gnu99;
				GCC_DYNAMIC_NO_PIC = NO;
				GCC_NO_COMMON_BLOCKS = YES;
				GCC_OPTIMIZATION_LEVEL = 0;
				GCC_PREPROCESSOR_DEFINITIONS = (
					"DEBUG=1",
					"$(inherited)",
				);
				GCC_WARN_64_TO_32_BIT_CONVERSION = YES;
				GCC_WARN_ABOUT_RETURN_TYPE = YES_ERROR;
				GCC_WARN_UNDECLARED_SELECTOR = YES;
				GCC_WARN_UNINITIALIZED_AUTOS = YES_AGGRESSIVE;
				GCC_WARN_UNUSED_FUNCTION = YES;
				GCC_WARN_UNUSED_VARIABLE = YES;
				IPHONEOS_DEPLOYMENT_TARGET = 10.3;
				MTL_ENABLE_DEBUG_INFO = YES;
				ONLY_ACTIVE_ARCH = YES;
				SDKROOT = iphoneos;
				SWIFT_ACTIVE_COMPILATION_CONDITIONS = DEBUG;
				SWIFT_OPTIMIZATION_LEVEL = "-Onone";
				TARGETED_DEVICE_FAMILY = "1,2";
			};
			name = Debug;
		};
		83A4F53D1F61831B00958A32 /* Release */ = {
			isa = XCBuildConfiguration;
			buildSettings = {
				ALWAYS_SEARCH_USER_PATHS = NO;
				CLANG_ANALYZER_NONNULL = YES;
				CLANG_ANALYZER_NUMBER_OBJECT_CONVERSION = YES_AGGRESSIVE;
				CLANG_CXX_LANGUAGE_STANDARD = "gnu++0x";
				CLANG_CXX_LIBRARY = "libc++";
				CLANG_ENABLE_MODULES = YES;
				CLANG_ENABLE_OBJC_ARC = YES;
				CLANG_WARN_BOOL_CONVERSION = YES;
				CLANG_WARN_CONSTANT_CONVERSION = YES;
				CLANG_WARN_DIRECT_OBJC_ISA_USAGE = YES_ERROR;
				CLANG_WARN_DOCUMENTATION_COMMENTS = YES;
				CLANG_WARN_EMPTY_BODY = YES;
				CLANG_WARN_ENUM_CONVERSION = YES;
				CLANG_WARN_INFINITE_RECURSION = YES;
				CLANG_WARN_INT_CONVERSION = YES;
				CLANG_WARN_OBJC_ROOT_CLASS = YES_ERROR;
				CLANG_WARN_SUSPICIOUS_MOVE = YES;
				CLANG_WARN_UNREACHABLE_CODE = YES;
				CLANG_WARN__DUPLICATE_METHOD_MATCH = YES;
				"CODE_SIGN_IDENTITY[sdk=iphoneos*]" = "iPhone Developer";
				COPY_PHASE_STRIP = NO;
				DEBUG_INFORMATION_FORMAT = "dwarf-with-dsym";
				ENABLE_NS_ASSERTIONS = NO;
				ENABLE_STRICT_OBJC_MSGSEND = YES;
				GCC_C_LANGUAGE_STANDARD = gnu99;
				GCC_NO_COMMON_BLOCKS = YES;
				GCC_WARN_64_TO_32_BIT_CONVERSION = YES;
				GCC_WARN_ABOUT_RETURN_TYPE = YES_ERROR;
				GCC_WARN_UNDECLARED_SELECTOR = YES;
				GCC_WARN_UNINITIALIZED_AUTOS = YES_AGGRESSIVE;
				GCC_WARN_UNUSED_FUNCTION = YES;
				GCC_WARN_UNUSED_VARIABLE = YES;
				IPHONEOS_DEPLOYMENT_TARGET = 10.3;
				MTL_ENABLE_DEBUG_INFO = NO;
				SDKROOT = iphoneos;
				SWIFT_OPTIMIZATION_LEVEL = "-Owholemodule";
				TARGETED_DEVICE_FAMILY = "1,2";
				VALIDATE_PRODUCT = YES;
			};
			name = Release;
		};
		83A4F53F1F61831B00958A32 /* Debug */ = {
			isa = XCBuildConfiguration;
			buildSettings = {
				ALWAYS_EMBED_SWIFT_STANDARD_LIBRARIES = YES;
				ASSETCATALOG_COMPILER_APPICON_NAME = AppIcon;
				DEVELOPMENT_TEAM = 3GQZ9TL5M3;
				INFOPLIST_FILE = JobQueueExample/Info.plist;
				LD_RUNPATH_SEARCH_PATHS = "$(inherited) @executable_path/Frameworks";
				PRODUCT_BUNDLE_IDENTIFIER = com.taiyungo.JobQueueExample;
				PRODUCT_NAME = "$(TARGET_NAME)";
				SWIFT_VERSION = 3.0;
			};
			name = Debug;
		};
		83A4F5401F61831B00958A32 /* Release */ = {
			isa = XCBuildConfiguration;
			buildSettings = {
				ALWAYS_EMBED_SWIFT_STANDARD_LIBRARIES = YES;
				ASSETCATALOG_COMPILER_APPICON_NAME = AppIcon;
				DEVELOPMENT_TEAM = 3GQZ9TL5M3;
				INFOPLIST_FILE = JobQueueExample/Info.plist;
				LD_RUNPATH_SEARCH_PATHS = "$(inherited) @executable_path/Frameworks";
				PRODUCT_BUNDLE_IDENTIFIER = com.taiyungo.JobQueueExample;
				PRODUCT_NAME = "$(TARGET_NAME)";
				SWIFT_VERSION = 3.0;
			};
			name = Release;
		};
		83F476CB1F889F5300202197 /* Debug */ = {
			isa = XCBuildConfiguration;
			buildSettings = {
				BUNDLE_LOADER = "$(TEST_HOST)";
				DEVELOPMENT_TEAM = 3GQZ9TL5M3;
				INFOPLIST_FILE = JobQueueExampleTests/Info.plist;
				LD_RUNPATH_SEARCH_PATHS = "$(inherited) @executable_path/Frameworks @loader_path/Frameworks";
				PRODUCT_BUNDLE_IDENTIFIER = com.taiyungo.JobQueueExampleTests;
				PRODUCT_NAME = "$(TARGET_NAME)";
				SWIFT_VERSION = 3.0;
				TEST_HOST = "$(BUILT_PRODUCTS_DIR)/JobQueueExample.app/JobQueueExample";
			};
			name = Debug;
		};
		83F476CC1F889F5300202197 /* Release */ = {
			isa = XCBuildConfiguration;
			buildSettings = {
				BUNDLE_LOADER = "$(TEST_HOST)";
				DEVELOPMENT_TEAM = 3GQZ9TL5M3;
				INFOPLIST_FILE = JobQueueExampleTests/Info.plist;
				LD_RUNPATH_SEARCH_PATHS = "$(inherited) @executable_path/Frameworks @loader_path/Frameworks";
				PRODUCT_BUNDLE_IDENTIFIER = com.taiyungo.JobQueueExampleTests;
				PRODUCT_NAME = "$(TARGET_NAME)";
				SWIFT_VERSION = 3.0;
				TEST_HOST = "$(BUILT_PRODUCTS_DIR)/JobQueueExample.app/JobQueueExample";
			};
			name = Release;
		};
/* End XCBuildConfiguration section */

/* Begin XCConfigurationList section */
		83A4F5271F61831B00958A32 /* Build configuration list for PBXProject "JobQueueExample" */ = {
			isa = XCConfigurationList;
			buildConfigurations = (
				83A4F53C1F61831B00958A32 /* Debug */,
				83A4F53D1F61831B00958A32 /* Release */,
			);
			defaultConfigurationIsVisible = 0;
			defaultConfigurationName = Release;
		};
		83A4F53E1F61831B00958A32 /* Build configuration list for PBXNativeTarget "JobQueueExample" */ = {
			isa = XCConfigurationList;
			buildConfigurations = (
				83A4F53F1F61831B00958A32 /* Debug */,
				83A4F5401F61831B00958A32 /* Release */,
			);
			defaultConfigurationIsVisible = 0;
			defaultConfigurationName = Release;
		};
		83F476CE1F889F5300202197 /* Build configuration list for PBXNativeTarget "JobQueueExampleTests" */ = {
			isa = XCConfigurationList;
			buildConfigurations = (
				83F476CB1F889F5300202197 /* Debug */,
				83F476CC1F889F5300202197 /* Release */,
			);
			defaultConfigurationIsVisible = 0;
		};
/* End XCConfigurationList section */
	};
	rootObject = 83A4F5241F61831B00958A32 /* Project object */;
}
