// !$*UTF8*$!
{
	archiveVersion = 1;
	classes = {
	};
	objectVersion = 46;
	objects = {

/* Begin PBXBuildFile section */
		83416B671F46CA9F00A002AE /* JobQueue.framework in Frameworks */ = {isa = PBXBuildFile; fileRef = 83416B5D1F46CA9F00A002AE /* JobQueue.framework */; };
		83416B6C1F46CA9F00A002AE /* JobQueueTests.swift in Sources */ = {isa = PBXBuildFile; fileRef = 83416B6B1F46CA9F00A002AE /* JobQueueTests.swift */; };
		83416B6E1F46CA9F00A002AE /* JobQueue.h in Headers */ = {isa = PBXBuildFile; fileRef = 83416B601F46CA9F00A002AE /* JobQueue.h */; settings = {ATTRIBUTES = (Public, ); }; };
		83416B7A1F46CAD800A002AE /* JobQueue.swift in Sources */ = {isa = PBXBuildFile; fileRef = 83416B791F46CAD800A002AE /* JobQueue.swift */; };
		83A4F5221F6178EA00958A32 /* Helpers.swift in Sources */ = {isa = PBXBuildFile; fileRef = 83A4F5211F6178EA00958A32 /* Helpers.swift */; };
		83A4F5501F61889200958A32 /* JobQueueCenter.swift in Sources */ = {isa = PBXBuildFile; fileRef = 83A4F54F1F61889200958A32 /* JobQueueCenter.swift */; };
		83A4F5521F6188C200958A32 /* Job.swift in Sources */ = {isa = PBXBuildFile; fileRef = 83A4F5511F6188C200958A32 /* Job.swift */; };
/* End PBXBuildFile section */

/* Begin PBXContainerItemProxy section */
		83416B681F46CA9F00A002AE /* PBXContainerItemProxy */ = {
			isa = PBXContainerItemProxy;
			containerPortal = 83416B541F46CA9F00A002AE /* Project object */;
			proxyType = 1;
			remoteGlobalIDString = 83416B5C1F46CA9F00A002AE;
			remoteInfo = JobQueue;
		};
/* End PBXContainerItemProxy section */

/* Begin PBXFileReference section */
		83416B5D1F46CA9F00A002AE /* JobQueue.framework */ = {isa = PBXFileReference; explicitFileType = wrapper.framework; includeInIndex = 0; path = JobQueue.framework; sourceTree = BUILT_PRODUCTS_DIR; };
		83416B601F46CA9F00A002AE /* JobQueue.h */ = {isa = PBXFileReference; lastKnownFileType = sourcecode.c.h; path = JobQueue.h; sourceTree = "<group>"; };
		83416B611F46CA9F00A002AE /* Info.plist */ = {isa = PBXFileReference; lastKnownFileType = text.plist.xml; path = Info.plist; sourceTree = "<group>"; };
		83416B661F46CA9F00A002AE /* JobQueueTests.xctest */ = {isa = PBXFileReference; explicitFileType = wrapper.cfbundle; includeInIndex = 0; path = JobQueueTests.xctest; sourceTree = BUILT_PRODUCTS_DIR; };
		83416B6B1F46CA9F00A002AE /* JobQueueTests.swift */ = {isa = PBXFileReference; lastKnownFileType = sourcecode.swift; path = JobQueueTests.swift; sourceTree = "<group>"; };
		83416B6D1F46CA9F00A002AE /* Info.plist */ = {isa = PBXFileReference; lastKnownFileType = text.plist.xml; path = Info.plist; sourceTree = "<group>"; };
		83416B791F46CAD800A002AE /* JobQueue.swift */ = {isa = PBXFileReference; fileEncoding = 4; lastKnownFileType = sourcecode.swift; path = JobQueue.swift; sourceTree = "<group>"; };
		83A4F5211F6178EA00958A32 /* Helpers.swift */ = {isa = PBXFileReference; fileEncoding = 4; lastKnownFileType = sourcecode.swift; path = Helpers.swift; sourceTree = "<group>"; };
		83A4F54F1F61889200958A32 /* JobQueueCenter.swift */ = {isa = PBXFileReference; fileEncoding = 4; lastKnownFileType = sourcecode.swift; path = JobQueueCenter.swift; sourceTree = "<group>"; };
		83A4F5511F6188C200958A32 /* Job.swift */ = {isa = PBXFileReference; fileEncoding = 4; lastKnownFileType = sourcecode.swift; path = Job.swift; sourceTree = "<group>"; };
/* End PBXFileReference section */

/* Begin PBXFrameworksBuildPhase section */
		83416B591F46CA9F00A002AE /* Frameworks */ = {
			isa = PBXFrameworksBuildPhase;
			buildActionMask = 2147483647;
			files = (
			);
			runOnlyForDeploymentPostprocessing = 0;
		};
		83416B631F46CA9F00A002AE /* Frameworks */ = {
			isa = PBXFrameworksBuildPhase;
			buildActionMask = 2147483647;
			files = (
				83416B671F46CA9F00A002AE /* JobQueue.framework in Frameworks */,
			);
			runOnlyForDeploymentPostprocessing = 0;
		};
/* End PBXFrameworksBuildPhase section */

/* Begin PBXGroup section */
		83416B531F46CA9F00A002AE = {
			isa = PBXGroup;
			children = (
				83416B5F1F46CA9F00A002AE /* JobQueue */,
				83416B6A1F46CA9F00A002AE /* JobQueueTests */,
				83416B5E1F46CA9F00A002AE /* Products */,
			);
			sourceTree = "<group>";
		};
		83416B5E1F46CA9F00A002AE /* Products */ = {
			isa = PBXGroup;
			children = (
				83416B5D1F46CA9F00A002AE /* JobQueue.framework */,
				83416B661F46CA9F00A002AE /* JobQueueTests.xctest */,
			);
			name = Products;
			sourceTree = "<group>";
		};
		83416B5F1F46CA9F00A002AE /* JobQueue */ = {
			isa = PBXGroup;
			children = (
				83416B781F46CAC200A002AE /* Sources */,
			);
			path = JobQueue;
			sourceTree = "<group>";
		};
		83416B6A1F46CA9F00A002AE /* JobQueueTests */ = {
			isa = PBXGroup;
			children = (
				83416B6B1F46CA9F00A002AE /* JobQueueTests.swift */,
				83416B6D1F46CA9F00A002AE /* Info.plist */,
			);
			path = JobQueueTests;
			sourceTree = "<group>";
		};
		83416B771F46CAB300A002AE /* Supporting Files */ = {
			isa = PBXGroup;
			children = (
				83416B601F46CA9F00A002AE /* JobQueue.h */,
				83416B611F46CA9F00A002AE /* Info.plist */,
			);
			name = "Supporting Files";
			sourceTree = "<group>";
		};
		83416B781F46CAC200A002AE /* Sources */ = {
			isa = PBXGroup;
			children = (
				83A4F54F1F61889200958A32 /* JobQueueCenter.swift */,
				83416B791F46CAD800A002AE /* JobQueue.swift */,
				83A4F5511F6188C200958A32 /* Job.swift */,
				83A4F5211F6178EA00958A32 /* Helpers.swift */,
				83416B771F46CAB300A002AE /* Supporting Files */,
			);
			name = Sources;
			sourceTree = "<group>";
		};
/* End PBXGroup section */

/* Begin PBXHeadersBuildPhase section */
		83416B5A1F46CA9F00A002AE /* Headers */ = {
			isa = PBXHeadersBuildPhase;
			buildActionMask = 2147483647;
			files = (
				83416B6E1F46CA9F00A002AE /* JobQueue.h in Headers */,
			);
			runOnlyForDeploymentPostprocessing = 0;
		};
/* End PBXHeadersBuildPhase section */

/* Begin PBXNativeTarget section */
		83416B5C1F46CA9F00A002AE /* JobQueue */ = {
			isa = PBXNativeTarget;
			buildConfigurationList = 83416B711F46CA9F00A002AE /* Build configuration list for PBXNativeTarget "JobQueue" */;
			buildPhases = (
				83416B581F46CA9F00A002AE /* Sources */,
				83416B591F46CA9F00A002AE /* Frameworks */,
				83416B5A1F46CA9F00A002AE /* Headers */,
				83416B5B1F46CA9F00A002AE /* Resources */,
			);
			buildRules = (
			);
			dependencies = (
			);
			name = JobQueue;
			productName = JobQueue;
			productReference = 83416B5D1F46CA9F00A002AE /* JobQueue.framework */;
			productType = "com.apple.product-type.framework";
		};
		83416B651F46CA9F00A002AE /* JobQueueTests */ = {
			isa = PBXNativeTarget;
			buildConfigurationList = 83416B741F46CA9F00A002AE /* Build configuration list for PBXNativeTarget "JobQueueTests" */;
			buildPhases = (
				83416B621F46CA9F00A002AE /* Sources */,
				83416B631F46CA9F00A002AE /* Frameworks */,
				83416B641F46CA9F00A002AE /* Resources */,
			);
			buildRules = (
			);
			dependencies = (
				83416B691F46CA9F00A002AE /* PBXTargetDependency */,
			);
			name = JobQueueTests;
			productName = JobQueueTests;
			productReference = 83416B661F46CA9F00A002AE /* JobQueueTests.xctest */;
			productType = "com.apple.product-type.bundle.unit-test";
		};
/* End PBXNativeTarget section */

/* Begin PBXProject section */
		83416B541F46CA9F00A002AE /* Project object */ = {
			isa = PBXProject;
			attributes = {
				LastSwiftUpdateCheck = 0830;
				LastUpgradeCheck = 0830;
				ORGANIZATIONNAME = taiyungo;
				TargetAttributes = {
					83416B5C1F46CA9F00A002AE = {
						CreatedOnToolsVersion = 8.3.2;
						DevelopmentTeam = 3GQZ9TL5M3;
						LastSwiftMigration = 0830;
						ProvisioningStyle = Automatic;
					};
					83416B651F46CA9F00A002AE = {
						CreatedOnToolsVersion = 8.3.2;
						DevelopmentTeam = 3GQZ9TL5M3;
						ProvisioningStyle = Automatic;
					};
				};
			};
			buildConfigurationList = 83416B571F46CA9F00A002AE /* Build configuration list for PBXProject "JobQueue" */;
			compatibilityVersion = "Xcode 3.2";
			developmentRegion = English;
			hasScannedForEncodings = 0;
			knownRegions = (
				en,
			);
			mainGroup = 83416B531F46CA9F00A002AE;
			productRefGroup = 83416B5E1F46CA9F00A002AE /* Products */;
			projectDirPath = "";
			projectRoot = "";
			targets = (
				83416B5C1F46CA9F00A002AE /* JobQueue */,
				83416B651F46CA9F00A002AE /* JobQueueTests */,
			);
		};
/* End PBXProject section */

/* Begin PBXResourcesBuildPhase section */
		83416B5B1F46CA9F00A002AE /* Resources */ = {
			isa = PBXResourcesBuildPhase;
			buildActionMask = 2147483647;
			files = (
			);
			runOnlyForDeploymentPostprocessing = 0;
		};
		83416B641F46CA9F00A002AE /* Resources */ = {
			isa = PBXResourcesBuildPhase;
			buildActionMask = 2147483647;
			files = (
			);
			runOnlyForDeploymentPostprocessing = 0;
		};
/* End PBXResourcesBuildPhase section */

/* Begin PBXSourcesBuildPhase section */
		83416B581F46CA9F00A002AE /* Sources */ = {
			isa = PBXSourcesBuildPhase;
			buildActionMask = 2147483647;
			files = (
				83416B7A1F46CAD800A002AE /* JobQueue.swift in Sources */,
				83A4F5501F61889200958A32 /* JobQueueCenter.swift in Sources */,
				83A4F5221F6178EA00958A32 /* Helpers.swift in Sources */,
				83A4F5521F6188C200958A32 /* Job.swift in Sources */,
			);
			runOnlyForDeploymentPostprocessing = 0;
		};
		83416B621F46CA9F00A002AE /* Sources */ = {
			isa = PBXSourcesBuildPhase;
			buildActionMask = 2147483647;
			files = (
				83416B6C1F46CA9F00A002AE /* JobQueueTests.swift in Sources */,
			);
			runOnlyForDeploymentPostprocessing = 0;
		};
/* End PBXSourcesBuildPhase section */

/* Begin PBXTargetDependency section */
		83416B691F46CA9F00A002AE /* PBXTargetDependency */ = {
			isa = PBXTargetDependency;
			target = 83416B5C1F46CA9F00A002AE /* JobQueue */;
			targetProxy = 83416B681F46CA9F00A002AE /* PBXContainerItemProxy */;
		};
/* End PBXTargetDependency section */

/* Begin XCBuildConfiguration section */
		83416B6F1F46CA9F00A002AE /* Debug */ = {
			isa = XCBuildConfiguration;
			buildSettings = {
				ALWAYS_SEARCH_USER_PATHS = NO;
				CLANG_ANALYZER_NONNULL = YES;
				CLANG_ANALYZER_NUMBER_OBJECT_CONVERSION = YES_AGGRESSIVE;
				CLANG_CXX_LANGUAGE_STANDARD = "gnu++0x";
				CLANG_CXX_LIBRARY = "libc++";
				CLANG_ENABLE_MODULES = YES;
				CLANG_ENABLE_OBJC_ARC = YES;
				CLANG_WARN_BOOL_CONVERSION = YES;
				CLANG_WARN_CONSTANT_CONVERSION = YES;
				CLANG_WARN_DIRECT_OBJC_ISA_USAGE = YES_ERROR;
				CLANG_WARN_DOCUMENTATION_COMMENTS = YES;
				CLANG_WARN_EMPTY_BODY = YES;
				CLANG_WARN_ENUM_CONVERSION = YES;
				CLANG_WARN_INFINITE_RECURSION = YES;
				CLANG_WARN_INT_CONVERSION = YES;
				CLANG_WARN_OBJC_ROOT_CLASS = YES_ERROR;
				CLANG_WARN_SUSPICIOUS_MOVE = YES;
				CLANG_WARN_UNREACHABLE_CODE = YES;
				CLANG_WARN__DUPLICATE_METHOD_MATCH = YES;
				"CODE_SIGN_IDENTITY[sdk=iphoneos*]" = "iPhone Developer";
				COPY_PHASE_STRIP = NO;
				CURRENT_PROJECT_VERSION = 1;
				DEBUG_INFORMATION_FORMAT = dwarf;
				ENABLE_STRICT_OBJC_MSGSEND = YES;
				ENABLE_TESTABILITY = YES;
				GCC_C_LANGUAGE_STANDARD = gnu99;
				GCC_DYNAMIC_NO_PIC = NO;
				GCC_NO_COMMON_BLOCKS = YES;
				GCC_OPTIMIZATION_LEVEL = 0;
				GCC_PREPROCESSOR_DEFINITIONS = (
					"DEBUG=1",
					"$(inherited)",
				);
				GCC_WARN_64_TO_32_BIT_CONVERSION = YES;
				GCC_WARN_ABOUT_RETURN_TYPE = YES_ERROR;
				GCC_WARN_UNDECLARED_SELECTOR = YES;
				GCC_WARN_UNINITIALIZED_AUTOS = YES_AGGRESSIVE;
				GCC_WARN_UNUSED_FUNCTION = YES;
				GCC_WARN_UNUSED_VARIABLE = YES;
				IPHONEOS_DEPLOYMENT_TARGET = 10.3;
				MTL_ENABLE_DEBUG_INFO = YES;
				ONLY_ACTIVE_ARCH = YES;
				SDKROOT = iphoneos;
				SWIFT_ACTIVE_COMPILATION_CONDITIONS = DEBUG;
				SWIFT_OPTIMIZATION_LEVEL = "-Onone";
				TARGETED_DEVICE_FAMILY = "1,2";
				VERSIONING_SYSTEM = "apple-generic";
				VERSION_INFO_PREFIX = "";
			};
			name = Debug;
		};
		83416B701F46CA9F00A002AE /* Release */ = {
			isa = XCBuildConfiguration;
			buildSettings = {
				ALWAYS_SEARCH_USER_PATHS = NO;
				CLANG_ANALYZER_NONNULL = YES;
				CLANG_ANALYZER_NUMBER_OBJECT_CONVERSION = YES_AGGRESSIVE;
				CLANG_CXX_LANGUAGE_STANDARD = "gnu++0x";
				CLANG_CXX_LIBRARY = "libc++";
				CLANG_ENABLE_MODULES = YES;
				CLANG_ENABLE_OBJC_ARC = YES;
				CLANG_WARN_BOOL_CONVERSION = YES;
				CLANG_WARN_CONSTANT_CONVERSION = YES;
				CLANG_WARN_DIRECT_OBJC_ISA_USAGE = YES_ERROR;
				CLANG_WARN_DOCUMENTATION_COMMENTS = YES;
				CLANG_WARN_EMPTY_BODY = YES;
				CLANG_WARN_ENUM_CONVERSION = YES;
				CLANG_WARN_INFINITE_RECURSION = YES;
				CLANG_WARN_INT_CONVERSION = YES;
				CLANG_WARN_OBJC_ROOT_CLASS = YES_ERROR;
				CLANG_WARN_SUSPICIOUS_MOVE = YES;
				CLANG_WARN_UNREACHABLE_CODE = YES;
				CLANG_WARN__DUPLICATE_METHOD_MATCH = YES;
				"CODE_SIGN_IDENTITY[sdk=iphoneos*]" = "iPhone Developer";
				COPY_PHASE_STRIP = NO;
				CURRENT_PROJECT_VERSION = 1;
				DEBUG_INFORMATION_FORMAT = "dwarf-with-dsym";
				ENABLE_NS_ASSERTIONS = NO;
				ENABLE_STRICT_OBJC_MSGSEND = YES;
				GCC_C_LANGUAGE_STANDARD = gnu99;
				GCC_NO_COMMON_BLOCKS = YES;
				GCC_WARN_64_TO_32_BIT_CONVERSION = YES;
				GCC_WARN_ABOUT_RETURN_TYPE = YES_ERROR;
				GCC_WARN_UNDECLARED_SELECTOR = YES;
				GCC_WARN_UNINITIALIZED_AUTOS = YES_AGGRESSIVE;
				GCC_WARN_UNUSED_FUNCTION = YES;
				GCC_WARN_UNUSED_VARIABLE = YES;
				IPHONEOS_DEPLOYMENT_TARGET = 10.3;
				MTL_ENABLE_DEBUG_INFO = NO;
				SDKROOT = iphoneos;
				SWIFT_OPTIMIZATION_LEVEL = "-Owholemodule";
				TARGETED_DEVICE_FAMILY = "1,2";
				VALIDATE_PRODUCT = YES;
				VERSIONING_SYSTEM = "apple-generic";
				VERSION_INFO_PREFIX = "";
			};
			name = Release;
		};
		83416B721F46CA9F00A002AE /* Debug */ = {
			isa = XCBuildConfiguration;
			buildSettings = {
				CLANG_ENABLE_MODULES = YES;
				CODE_SIGN_IDENTITY = "";
				DEFINES_MODULE = YES;
				DEVELOPMENT_TEAM = 3GQZ9TL5M3;
				DYLIB_COMPATIBILITY_VERSION = 1;
				DYLIB_CURRENT_VERSION = 1;
				DYLIB_INSTALL_NAME_BASE = "@rpath";
				INFOPLIST_FILE = JobQueue/Info.plist;
				INSTALL_PATH = "$(LOCAL_LIBRARY_DIR)/Frameworks";
				IPHONEOS_DEPLOYMENT_TARGET = 8.0;
				LD_RUNPATH_SEARCH_PATHS = "$(inherited) @executable_path/Frameworks @loader_path/Frameworks";
				PRODUCT_BUNDLE_IDENTIFIER = com.taiyungo.JobQueue;
				PRODUCT_NAME = "$(TARGET_NAME)";
				SKIP_INSTALL = YES;
				SWIFT_OPTIMIZATION_LEVEL = "-Onone";
				SWIFT_VERSION = 3.0;
			};
			name = Debug;
		};
		83416B731F46CA9F00A002AE /* Release */ = {
			isa = XCBuildConfiguration;
			buildSettings = {
				CLANG_ENABLE_MODULES = YES;
				CODE_SIGN_IDENTITY = "";
				DEFINES_MODULE = YES;
				DEVELOPMENT_TEAM = 3GQZ9TL5M3;
				DYLIB_COMPATIBILITY_VERSION = 1;
				DYLIB_CURRENT_VERSION = 1;
				DYLIB_INSTALL_NAME_BASE = "@rpath";
				INFOPLIST_FILE = JobQueue/Info.plist;
				INSTALL_PATH = "$(LOCAL_LIBRARY_DIR)/Frameworks";
				IPHONEOS_DEPLOYMENT_TARGET = 8.0;
				LD_RUNPATH_SEARCH_PATHS = "$(inherited) @executable_path/Frameworks @loader_path/Frameworks";
				PRODUCT_BUNDLE_IDENTIFIER = com.taiyungo.JobQueue;
				PRODUCT_NAME = "$(TARGET_NAME)";
				SKIP_INSTALL = YES;
				SWIFT_VERSION = 3.0;
			};
			name = Release;
		};
		83416B751F46CA9F00A002AE /* Debug */ = {
			isa = XCBuildConfiguration;
			buildSettings = {
				ALWAYS_EMBED_SWIFT_STANDARD_LIBRARIES = YES;
				DEVELOPMENT_TEAM = 3GQZ9TL5M3;
				INFOPLIST_FILE = JobQueueTests/Info.plist;
				LD_RUNPATH_SEARCH_PATHS = "$(inherited) @executable_path/Frameworks @loader_path/Frameworks";
				PRODUCT_BUNDLE_IDENTIFIER = com.taiyungo.JobQueueTests;
				PRODUCT_NAME = "$(TARGET_NAME)";
				SWIFT_VERSION = 3.0;
			};
			name = Debug;
		};
		83416B761F46CA9F00A002AE /* Release */ = {
			isa = XCBuildConfiguration;
			buildSettings = {
				ALWAYS_EMBED_SWIFT_STANDARD_LIBRARIES = YES;
				DEVELOPMENT_TEAM = 3GQZ9TL5M3;
				INFOPLIST_FILE = JobQueueTests/Info.plist;
				LD_RUNPATH_SEARCH_PATHS = "$(inherited) @executable_path/Frameworks @loader_path/Frameworks";
				PRODUCT_BUNDLE_IDENTIFIER = com.taiyungo.JobQueueTests;
				PRODUCT_NAME = "$(TARGET_NAME)";
				SWIFT_VERSION = 3.0;
			};
			name = Release;
		};
/* End XCBuildConfiguration section */

/* Begin XCConfigurationList section */
		83416B571F46CA9F00A002AE /* Build configuration list for PBXProject "JobQueue" */ = {
			isa = XCConfigurationList;
			buildConfigurations = (
				83416B6F1F46CA9F00A002AE /* Debug */,
				83416B701F46CA9F00A002AE /* Release */,
			);
			defaultConfigurationIsVisible = 0;
			defaultConfigurationName = Release;
		};
		83416B711F46CA9F00A002AE /* Build configuration list for PBXNativeTarget "JobQueue" */ = {
			isa = XCConfigurationList;
			buildConfigurations = (
				83416B721F46CA9F00A002AE /* Debug */,
				83416B731F46CA9F00A002AE /* Release */,
			);
			defaultConfigurationIsVisible = 0;
			defaultConfigurationName = Release;
		};
		83416B741F46CA9F00A002AE /* Build configuration list for PBXNativeTarget "JobQueueTests" */ = {
			isa = XCConfigurationList;
			buildConfigurations = (
				83416B751F46CA9F00A002AE /* Debug */,
				83416B761F46CA9F00A002AE /* Release */,
			);
			defaultConfigurationIsVisible = 0;
			defaultConfigurationName = Release;
		};
/* End XCConfigurationList section */
	};
	rootObject = 83416B541F46CA9F00A002AE /* Project object */;
}
